
Microsoft Visual Studio Solution File, Format Version 12.00
# Visual Studio Version 16
VisualStudioVersion = 16.0.30114.105
MinimumVisualStudioVersion = 10.0.40219.1
Project("{FAE04EC0-301F-11D3-BF4B-00C04F79EFBC}") = "SocialScore.UWP", "SocialScore\SocialScore.UWP\SocialScore.UWP.csproj", "{B4EE20CB-4B80-4D2C-8BE6-FC5B223B967F}"
EndProject
Project("{FAE04EC0-301F-11D3-BF4B-00C04F79EFBC}") = "SocialScore.Android", "SocialScore\SocialScore.Android\SocialScore.Android.csproj", "{A7B7A5B8-5157-43F3-AC5D-6642CFEECF9F}"
EndProject
Project("{FAE04EC0-301F-11D3-BF4B-00C04F79EFBC}") = "SocialScore.iOS", "SocialScore\SocialScore.iOS\SocialScore.iOS.csproj", "{8AAF878A-29FF-4EFF-A95C-2B18F4A04F90}"
EndProject
Project("{9A19103F-16F7-4668-BE54-9A1E7A4F7556}") = "SocialScore", "SocialScore\SocialScore\SocialScore.csproj", "{E11405F3-BEFC-404C-94A3-12C4DB45F1B7}"
EndProject
Global
	GlobalSection(SolutionConfigurationPlatforms) = preSolution
		Debug|Any CPU = Debug|Any CPU
		Debug|ARM = Debug|ARM
		Debug|iPhone = Debug|iPhone
		Debug|iPhoneSimulator = Debug|iPhoneSimulator
		Debug|x64 = Debug|x64
		Debug|x86 = Debug|x86
		Release|Any CPU = Release|Any CPU
		Release|ARM = Release|ARM
		Release|iPhone = Release|iPhone
		Release|iPhoneSimulator = Release|iPhoneSimulator
		Release|x64 = Release|x64
		Release|x86 = Release|x86
	EndGlobalSection
	GlobalSection(ProjectConfigurationPlatforms) = postSolution
		{B4EE20CB-4B80-4D2C-8BE6-FC5B223B967F}.Debug|Any CPU.ActiveCfg = Debug|x86
		{B4EE20CB-4B80-4D2C-8BE6-FC5B223B967F}.Debug|Any CPU.Build.0 = Debug|x86
		{B4EE20CB-4B80-4D2C-8BE6-FC5B223B967F}.Debug|Any CPU.Deploy.0 = Debug|x86
		{B4EE20CB-4B80-4D2C-8BE6-FC5B223B967F}.Debug|ARM.ActiveCfg = Debug|ARM
		{B4EE20CB-4B80-4D2C-8BE6-FC5B223B967F}.Debug|ARM.Build.0 = Debug|ARM
		{B4EE20CB-4B80-4D2C-8BE6-FC5B223B967F}.Debug|ARM.Deploy.0 = Debug|ARM
		{B4EE20CB-4B80-4D2C-8BE6-FC5B223B967F}.Debug|iPhone.ActiveCfg = Debug|x86
		{B4EE20CB-4B80-4D2C-8BE6-FC5B223B967F}.Debug|iPhone.Build.0 = Debug|x86
		{B4EE20CB-4B80-4D2C-8BE6-FC5B223B967F}.Debug|iPhone.Deploy.0 = Debug|x86
		{B4EE20CB-4B80-4D2C-8BE6-FC5B223B967F}.Debug|iPhoneSimulator.ActiveCfg = Debug|x86
		{B4EE20CB-4B80-4D2C-8BE6-FC5B223B967F}.Debug|iPhoneSimulator.Build.0 = Debug|x86
		{B4EE20CB-4B80-4D2C-8BE6-FC5B223B967F}.Debug|iPhoneSimulator.Deploy.0 = Debug|x86
		{B4EE20CB-4B80-4D2C-8BE6-FC5B223B967F}.Debug|x64.ActiveCfg = Debug|x64
		{B4EE20CB-4B80-4D2C-8BE6-FC5B223B967F}.Debug|x64.Build.0 = Debug|x64
		{B4EE20CB-4B80-4D2C-8BE6-FC5B223B967F}.Debug|x64.Deploy.0 = Debug|x64
		{B4EE20CB-4B80-4D2C-8BE6-FC5B223B967F}.Debug|x86.ActiveCfg = Debug|x86
		{B4EE20CB-4B80-4D2C-8BE6-FC5B223B967F}.Debug|x86.Build.0 = Debug|x86
		{B4EE20CB-4B80-4D2C-8BE6-FC5B223B967F}.Debug|x86.Deploy.0 = Debug|x86
		{B4EE20CB-4B80-4D2C-8BE6-FC5B223B967F}.Release|Any CPU.ActiveCfg = Release|x86
		{B4EE20CB-4B80-4D2C-8BE6-FC5B223B967F}.Release|Any CPU.Build.0 = Release|x86
		{B4EE20CB-4B80-4D2C-8BE6-FC5B223B967F}.Release|Any CPU.Deploy.0 = Release|x86
		{B4EE20CB-4B80-4D2C-8BE6-FC5B223B967F}.Release|ARM.ActiveCfg = Release|ARM
		{B4EE20CB-4B80-4D2C-8BE6-FC5B223B967F}.Release|ARM.Build.0 = Release|ARM
		{B4EE20CB-4B80-4D2C-8BE6-FC5B223B967F}.Release|ARM.Deploy.0 = Release|ARM
		{B4EE20CB-4B80-4D2C-8BE6-FC5B223B967F}.Release|iPhone.ActiveCfg = Release|x86
		{B4EE20CB-4B80-4D2C-8BE6-FC5B223B967F}.Release|iPhone.Build.0 = Release|x86
		{B4EE20CB-4B80-4D2C-8BE6-FC5B223B967F}.Release|iPhone.Deploy.0 = Release|x86
		{B4EE20CB-4B80-4D2C-8BE6-FC5B223B967F}.Release|iPhoneSimulator.ActiveCfg = Release|x86
		{B4EE20CB-4B80-4D2C-8BE6-FC5B223B967F}.Release|iPhoneSimulator.Build.0 = Release|x86
		{B4EE20CB-4B80-4D2C-8BE6-FC5B223B967F}.Release|iPhoneSimulator.Deploy.0 = Release|x86
		{B4EE20CB-4B80-4D2C-8BE6-FC5B223B967F}.Release|x64.ActiveCfg = Release|x64
		{B4EE20CB-4B80-4D2C-8BE6-FC5B223B967F}.Release|x64.Build.0 = Release|x64
		{B4EE20CB-4B80-4D2C-8BE6-FC5B223B967F}.Release|x64.Deploy.0 = Release|x64
		{B4EE20CB-4B80-4D2C-8BE6-FC5B223B967F}.Release|x86.ActiveCfg = Release|x86
		{B4EE20CB-4B80-4D2C-8BE6-FC5B223B967F}.Release|x86.Build.0 = Release|x86
		{B4EE20CB-4B80-4D2C-8BE6-FC5B223B967F}.Release|x86.Deploy.0 = Release|x86
		{A7B7A5B8-5157-43F3-AC5D-6642CFEECF9F}.Debug|Any CPU.ActiveCfg = Debug|Any CPU
		{A7B7A5B8-5157-43F3-AC5D-6642CFEECF9F}.Debug|Any CPU.Build.0 = Debug|Any CPU
		{A7B7A5B8-5157-43F3-AC5D-6642CFEECF9F}.Debug|Any CPU.Deploy.0 = Debug|Any CPU
		{A7B7A5B8-5157-43F3-AC5D-6642CFEECF9F}.Debug|ARM.ActiveCfg = Debug|Any CPU
		{A7B7A5B8-5157-43F3-AC5D-6642CFEECF9F}.Debug|ARM.Build.0 = Debug|Any CPU
		{A7B7A5B8-5157-43F3-AC5D-6642CFEECF9F}.Debug|ARM.Deploy.0 = Debug|Any CPU
		{A7B7A5B8-5157-43F3-AC5D-6642CFEECF9F}.Debug|iPhone.ActiveCfg = Debug|Any CPU
		{A7B7A5B8-5157-43F3-AC5D-6642CFEECF9F}.Debug|iPhone.Build.0 = Debug|Any CPU
		{A7B7A5B8-5157-43F3-AC5D-6642CFEECF9F}.Debug|iPhone.Deploy.0 = Debug|Any CPU
		{A7B7A5B8-5157-43F3-AC5D-6642CFEECF9F}.Debug|iPhoneSimulator.ActiveCfg = Debug|Any CPU
		{A7B7A5B8-5157-43F3-AC5D-6642CFEECF9F}.Debug|iPhoneSimulator.Build.0 = Debug|Any CPU
		{A7B7A5B8-5157-43F3-AC5D-6642CFEECF9F}.Debug|iPhoneSimulator.Deploy.0 = Debug|Any CPU
		{A7B7A5B8-5157-43F3-AC5D-6642CFEECF9F}.Debug|x64.ActiveCfg = Debug|Any CPU
		{A7B7A5B8-5157-43F3-AC5D-6642CFEECF9F}.Debug|x64.Build.0 = Debug|Any CPU
		{A7B7A5B8-5157-43F3-AC5D-6642CFEECF9F}.Debug|x64.Deploy.0 = Debug|Any CPU
		{A7B7A5B8-5157-43F3-AC5D-6642CFEECF9F}.Debug|x86.ActiveCfg = Debug|Any CPU
		{A7B7A5B8-5157-43F3-AC5D-6642CFEECF9F}.Debug|x86.Build.0 = Debug|Any CPU
		{A7B7A5B8-5157-43F3-AC5D-6642CFEECF9F}.Debug|x86.Deploy.0 = Debug|Any CPU
		{A7B7A5B8-5157-43F3-AC5D-6642CFEECF9F}.Release|Any CPU.ActiveCfg = Release|Any CPU
		{A7B7A5B8-5157-43F3-AC5D-6642CFEECF9F}.Release|Any CPU.Build.0 = Release|Any CPU
		{A7B7A5B8-5157-43F3-AC5D-6642CFEECF9F}.Release|Any CPU.Deploy.0 = Release|Any CPU
		{A7B7A5B8-5157-43F3-AC5D-6642CFEECF9F}.Release|ARM.ActiveCfg = Release|Any CPU
		{A7B7A5B8-5157-43F3-AC5D-6642CFEECF9F}.Release|ARM.Build.0 = Release|Any CPU
		{A7B7A5B8-5157-43F3-AC5D-6642CFEECF9F}.Release|ARM.Deploy.0 = Release|Any CPU
		{A7B7A5B8-5157-43F3-AC5D-6642CFEECF9F}.Release|iPhone.ActiveCfg = Release|Any CPU
		{A7B7A5B8-5157-43F3-AC5D-6642CFEECF9F}.Release|iPhone.Build.0 = Release|Any CPU
		{A7B7A5B8-5157-43F3-AC5D-6642CFEECF9F}.Release|iPhone.Deploy.0 = Release|Any CPU
		{A7B7A5B8-5157-43F3-AC5D-6642CFEECF9F}.Release|iPhoneSimulator.ActiveCfg = Release|Any CPU
		{A7B7A5B8-5157-43F3-AC5D-6642CFEECF9F}.Release|iPhoneSimulator.Build.0 = Release|Any CPU
		{A7B7A5B8-5157-43F3-AC5D-6642CFEECF9F}.Release|iPhoneSimulator.Deploy.0 = Release|Any CPU
		{A7B7A5B8-5157-43F3-AC5D-6642CFEECF9F}.Release|x64.ActiveCfg = Release|Any CPU
		{A7B7A5B8-5157-43F3-AC5D-6642CFEECF9F}.Release|x64.Build.0 = Release|Any CPU
		{A7B7A5B8-5157-43F3-AC5D-6642CFEECF9F}.Release|x64.Deploy.0 = Release|Any CPU
		{A7B7A5B8-5157-43F3-AC5D-6642CFEECF9F}.Release|x86.ActiveCfg = Release|Any CPU
		{A7B7A5B8-5157-43F3-AC5D-6642CFEECF9F}.Release|x86.Build.0 = Release|Any CPU
		{A7B7A5B8-5157-43F3-AC5D-6642CFEECF9F}.Release|x86.Deploy.0 = Release|Any CPU
		{8AAF878A-29FF-4EFF-A95C-2B18F4A04F90}.Debug|Any CPU.ActiveCfg = Debug|iPhone
		{8AAF878A-29FF-4EFF-A95C-2B18F4A04F90}.Debug|Any CPU.Build.0 = Debug|iPhone
		{8AAF878A-29FF-4EFF-A95C-2B18F4A04F90}.Debug|Any CPU.Deploy.0 = Debug|iPhone
		{8AAF878A-29FF-4EFF-A95C-2B18F4A04F90}.Debug|ARM.ActiveCfg = Debug|iPhone
		{8AAF878A-29FF-4EFF-A95C-2B18F4A04F90}.Debug|ARM.Build.0 = Debug|iPhone
		{8AAF878A-29FF-4EFF-A95C-2B18F4A04F90}.Debug|ARM.Deploy.0 = Debug|iPhone
		{8AAF878A-29FF-4EFF-A95C-2B18F4A04F90}.Debug|iPhone.ActiveCfg = Debug|iPhone
		{8AAF878A-29FF-4EFF-A95C-2B18F4A04F90}.Debug|iPhone.Build.0 = Debug|iPhone
		{8AAF878A-29FF-4EFF-A95C-2B18F4A04F90}.Debug|iPhone.Deploy.0 = Debug|iPhone
		{8AAF878A-29FF-4EFF-A95C-2B18F4A04F90}.Debug|iPhoneSimulator.ActiveCfg = Debug|iPhoneSimulator
		{8AAF878A-29FF-4EFF-A95C-2B18F4A04F90}.Debug|iPhoneSimulator.Build.0 = Debug|iPhoneSimulator
		{8AAF878A-29FF-4EFF-A95C-2B18F4A04F90}.Debug|iPhoneSimulator.Deploy.0 = Debug|iPhoneSimulator
		{8AAF878A-29FF-4EFF-A95C-2B18F4A04F90}.Debug|x64.ActiveCfg = Debug|iPhone
		{8AAF878A-29FF-4EFF-A95C-2B18F4A04F90}.Debug|x64.Build.0 = Debug|iPhone
		{8AAF878A-29FF-4EFF-A95C-2B18F4A04F90}.Debug|x64.Deploy.0 = Debug|iPhone
		{8AAF878A-29FF-4EFF-A95C-2B18F4A04F90}.Debug|x86.ActiveCfg = Debug|iPhone
		{8AAF878A-29FF-4EFF-A95C-2B18F4A04F90}.Debug|x86.Build.0 = Debug|iPhone
		{8AAF878A-29FF-4EFF-A95C-2B18F4A04F90}.Debug|x86.Deploy.0 = Debug|iPhone
		{8AAF878A-29FF-4EFF-A95C-2B18F4A04F90}.Release|Any CPU.ActiveCfg = Release|iPhone
		{8AAF878A-29FF-4EFF-A95C-2B18F4A04F90}.Release|Any CPU.Build.0 = Release|iPhone
		{8AAF878A-29FF-4EFF-A95C-2B18F4A04F90}.Release|Any CPU.Deploy.0 = Release|iPhone
		{8AAF878A-29FF-4EFF-A95C-2B18F4A04F90}.Release|ARM.ActiveCfg = Release|iPhone
		{8AAF878A-29FF-4EFF-A95C-2B18F4A04F90}.Release|ARM.Build.0 = Release|iPhone
		{8AAF878A-29FF-4EFF-A95C-2B18F4A04F90}.Release|ARM.Deploy.0 = Release|iPhone
		{8AAF878A-29FF-4EFF-A95C-2B18F4A04F90}.Release|iPhone.ActiveCfg = Release|iPhone
		{8AAF878A-29FF-4EFF-A95C-2B18F4A04F90}.Release|iPhone.Build.0 = Release|iPhone
		{8AAF878A-29FF-4EFF-A95C-2B18F4A04F90}.Release|iPhone.Deploy.0 = Release|iPhone
		{8AAF878A-29FF-4EFF-A95C-2B18F4A04F90}.Release|iPhoneSimulator.ActiveCfg = Release|iPhoneSimulator
		{8AAF878A-29FF-4EFF-A95C-2B18F4A04F90}.Release|iPhoneSimulator.Build.0 = Release|iPhoneSimulator
		{8AAF878A-29FF-4EFF-A95C-2B18F4A04F90}.Release|iPhoneSimulator.Deploy.0 = Release|iPhoneSimulator
		{8AAF878A-29FF-4EFF-A95C-2B18F4A04F90}.Release|x64.ActiveCfg = Release|iPhone
		{8AAF878A-29FF-4EFF-A95C-2B18F4A04F90}.Release|x64.Build.0 = Release|iPhone
		{8AAF878A-29FF-4EFF-A95C-2B18F4A04F90}.Release|x64.Deploy.0 = Release|iPhone
		{8AAF878A-29FF-4EFF-A95C-2B18F4A04F90}.Release|x86.ActiveCfg = Release|iPhone
		{8AAF878A-29FF-4EFF-A95C-2B18F4A04F90}.Release|x86.Build.0 = Release|iPhone
		{8AAF878A-29FF-4EFF-A95C-2B18F4A04F90}.Release|x86.Deploy.0 = Release|iPhone
		{E11405F3-BEFC-404C-94A3-12C4DB45F1B7}.Debug|Any CPU.ActiveCfg = Debug|Any CPU
		{E11405F3-BEFC-404C-94A3-12C4DB45F1B7}.Debug|Any CPU.Build.0 = Debug|Any CPU
		{E11405F3-BEFC-404C-94A3-12C4DB45F1B7}.Debug|Any CPU.Deploy.0 = Debug|Any CPU
		{E11405F3-BEFC-404C-94A3-12C4DB45F1B7}.Debug|ARM.ActiveCfg = Debug|Any CPU
		{E11405F3-BEFC-404C-94A3-12C4DB45F1B7}.Debug|ARM.Build.0 = Debug|Any CPU
		{E11405F3-BEFC-404C-94A3-12C4DB45F1B7}.Debug|ARM.Deploy.0 = Debug|Any CPU
		{E11405F3-BEFC-404C-94A3-12C4DB45F1B7}.Debug|iPhone.ActiveCfg = Debug|Any CPU
		{E11405F3-BEFC-404C-94A3-12C4DB45F1B7}.Debug|iPhone.Build.0 = Debug|Any CPU
		{E11405F3-BEFC-404C-94A3-12C4DB45F1B7}.Debug|iPhone.Deploy.0 = Debug|Any CPU
		{E11405F3-BEFC-404C-94A3-12C4DB45F1B7}.Debug|iPhoneSimulator.ActiveCfg = Debug|Any CPU
		{E11405F3-BEFC-404C-94A3-12C4DB45F1B7}.Debug|iPhoneSimulator.Build.0 = Debug|Any CPU
		{E11405F3-BEFC-404C-94A3-12C4DB45F1B7}.Debug|iPhoneSimulator.Deploy.0 = Debug|Any CPU
		{E11405F3-BEFC-404C-94A3-12C4DB45F1B7}.Debug|x64.ActiveCfg = Debug|Any CPU
		{E11405F3-BEFC-404C-94A3-12C4DB45F1B7}.Debug|x64.Build.0 = Debug|Any CPU
		{E11405F3-BEFC-404C-94A3-12C4DB45F1B7}.Debug|x64.Deploy.0 = Debug|Any CPU
		{E11405F3-BEFC-404C-94A3-12C4DB45F1B7}.Debug|x86.ActiveCfg = Debug|Any CPU
		{E11405F3-BEFC-404C-94A3-12C4DB45F1B7}.Debug|x86.Build.0 = Debug|Any CPU
		{E11405F3-BEFC-404C-94A3-12C4DB45F1B7}.Debug|x86.Deploy.0 = Debug|Any CPU
		{E11405F3-BEFC-404C-94A3-12C4DB45F1B7}.Release|Any CPU.ActiveCfg = Release|Any CPU
		{E11405F3-BEFC-404C-94A3-12C4DB45F1B7}.Release|Any CPU.Build.0 = Release|Any CPU
		{E11405F3-BEFC-404C-94A3-12C4DB45F1B7}.Release|Any CPU.Deploy.0 = Release|Any CPU
		{E11405F3-BEFC-404C-94A3-12C4DB45F1B7}.Release|ARM.ActiveCfg = Release|Any CPU
		{E11405F3-BEFC-404C-94A3-12C4DB45F1B7}.Release|ARM.Build.0 = Release|Any CPU
		{E11405F3-BEFC-404C-94A3-12C4DB45F1B7}.Release|ARM.Deploy.0 = Release|Any CPU
		{E11405F3-BEFC-404C-94A3-12C4DB45F1B7}.Release|iPhone.ActiveCfg = Release|Any CPU
		{E11405F3-BEFC-404C-94A3-12C4DB45F1B7}.Release|iPhone.Build.0 = Release|Any CPU
		{E11405F3-BEFC-404C-94A3-12C4DB45F1B7}.Release|iPhone.Deploy.0 = Release|Any CPU
		{E11405F3-BEFC-404C-94A3-12C4DB45F1B7}.Release|iPhoneSimulator.ActiveCfg = Release|Any CPU
		{E11405F3-BEFC-404C-94A3-12C4DB45F1B7}.Release|iPhoneSimulator.Build.0 = Release|Any CPU
		{E11405F3-BEFC-404C-94A3-12C4DB45F1B7}.Release|iPhoneSimulator.Deploy.0 = Release|Any CPU
		{E11405F3-BEFC-404C-94A3-12C4DB45F1B7}.Release|x64.ActiveCfg = Release|Any CPU
		{E11405F3-BEFC-404C-94A3-12C4DB45F1B7}.Release|x64.Build.0 = Release|Any CPU
		{E11405F3-BEFC-404C-94A3-12C4DB45F1B7}.Release|x64.Deploy.0 = Release|Any CPU
		{E11405F3-BEFC-404C-94A3-12C4DB45F1B7}.Release|x86.ActiveCfg = Release|Any CPU
		{E11405F3-BEFC-404C-94A3-12C4DB45F1B7}.Release|x86.Build.0 = Release|Any CPU
		{E11405F3-BEFC-404C-94A3-12C4DB45F1B7}.Release|x86.Deploy.0 = Release|Any CPU
	EndGlobalSection
	GlobalSection(SolutionProperties) = preSolution
		HideSolutionNode = FALSE
	EndGlobalSection
	GlobalSection(ExtensibilityGlobals) = postSolution
		SolutionGuid = {437DF734-A693-4E25-83FA-771CE3E69FD8}
	EndGlobalSection
EndGlobal
